// !$*UTF8*$!
{
	archiveVersion = 1;
	classes = {
	};
	objectVersion = 46;
	objects = {

/* Begin PBXBuildFile section */
		33D162E2D43FA7A6923D5CD6 /* Pods_InstagramLike.framework in Frameworks */ = {isa = PBXBuildFile; fileRef = B53A6986958CE0B647C83BB8 /* Pods_InstagramLike.framework */; };
		7C25346C1EE63E780082BD2D /* GoogleService-Info.plist in Resources */ = {isa = PBXBuildFile; fileRef = 7C25346B1EE63E780082BD2D /* GoogleService-Info.plist */; };
		7C25346E1EE63FC90082BD2D /* Helpers.swift in Sources */ = {isa = PBXBuildFile; fileRef = 7C25346D1EE63FC90082BD2D /* Helpers.swift */; };
		7C4AB6D21EE6321B001C8834 /* AppDelegate.swift in Sources */ = {isa = PBXBuildFile; fileRef = 7C4AB6D11EE6321B001C8834 /* AppDelegate.swift */; };
		7C4AB6D41EE6321B001C8834 /* ViewController.swift in Sources */ = {isa = PBXBuildFile; fileRef = 7C4AB6D31EE6321B001C8834 /* ViewController.swift */; };
		7C4AB6D71EE6321B001C8834 /* Main.storyboard in Resources */ = {isa = PBXBuildFile; fileRef = 7C4AB6D51EE6321B001C8834 /* Main.storyboard */; };
		7C4AB6D91EE6321B001C8834 /* Assets.xcassets in Resources */ = {isa = PBXBuildFile; fileRef = 7C4AB6D81EE6321B001C8834 /* Assets.xcassets */; };
		7C4AB6DC1EE6321B001C8834 /* LaunchScreen.storyboard in Resources */ = {isa = PBXBuildFile; fileRef = 7C4AB6DA1EE6321B001C8834 /* LaunchScreen.storyboard */; };
		7C4AB6E41EE633E8001C8834 /* SnapKit.framework in Frameworks */ = {isa = PBXBuildFile; fileRef = 7C4AB6E31EE633E8001C8834 /* SnapKit.framework */; };
		7C96066B1EE8909100A20BFF /* MainTabBarController.swift in Sources */ = {isa = PBXBuildFile; fileRef = 7C96066A1EE8909100A20BFF /* MainTabBarController.swift */; };
		7C96066D1EE8915D00A20BFF /* UserProfileController.swift in Sources */ = {isa = PBXBuildFile; fileRef = 7C96066C1EE8915D00A20BFF /* UserProfileController.swift */; };
/* End PBXBuildFile section */

/* Begin PBXFileReference section */
		646F12389BF88E114A904E3E /* Pods-InstagramLike.debug.xcconfig */ = {isa = PBXFileReference; includeInIndex = 1; lastKnownFileType = text.xcconfig; name = "Pods-InstagramLike.debug.xcconfig"; path = "Pods/Target Support Files/Pods-InstagramLike/Pods-InstagramLike.debug.xcconfig"; sourceTree = "<group>"; };
		7C25346B1EE63E780082BD2D /* GoogleService-Info.plist */ = {isa = PBXFileReference; fileEncoding = 4; lastKnownFileType = text.plist.xml; path = "GoogleService-Info.plist"; sourceTree = "<group>"; };
		7C25346D1EE63FC90082BD2D /* Helpers.swift */ = {isa = PBXFileReference; fileEncoding = 4; lastKnownFileType = sourcecode.swift; name = Helpers.swift; path = Helpers/Helpers.swift; sourceTree = SOURCE_ROOT; };
		7C4AB6CE1EE6321B001C8834 /* InstagramLike.app */ = {isa = PBXFileReference; explicitFileType = wrapper.application; includeInIndex = 0; path = InstagramLike.app; sourceTree = BUILT_PRODUCTS_DIR; };
		7C4AB6D11EE6321B001C8834 /* AppDelegate.swift */ = {isa = PBXFileReference; lastKnownFileType = sourcecode.swift; path = AppDelegate.swift; sourceTree = "<group>"; };
		7C4AB6D31EE6321B001C8834 /* ViewController.swift */ = {isa = PBXFileReference; lastKnownFileType = sourcecode.swift; path = ViewController.swift; sourceTree = "<group>"; };
		7C4AB6D61EE6321B001C8834 /* Base */ = {isa = PBXFileReference; lastKnownFileType = file.storyboard; name = Base; path = Base.lproj/Main.storyboard; sourceTree = "<group>"; };
		7C4AB6D81EE6321B001C8834 /* Assets.xcassets */ = {isa = PBXFileReference; lastKnownFileType = folder.assetcatalog; path = Assets.xcassets; sourceTree = "<group>"; };
		7C4AB6DB1EE6321B001C8834 /* Base */ = {isa = PBXFileReference; lastKnownFileType = file.storyboard; name = Base; path = Base.lproj/LaunchScreen.storyboard; sourceTree = "<group>"; };
		7C4AB6DD1EE6321B001C8834 /* Info.plist */ = {isa = PBXFileReference; lastKnownFileType = text.plist.xml; path = Info.plist; sourceTree = "<group>"; };
		7C4AB6E31EE633E8001C8834 /* SnapKit.framework */ = {isa = PBXFileReference; lastKnownFileType = wrapper.framework; name = SnapKit.framework; path = "Pods/../build/Release-iphoneos/SnapKit/SnapKit.framework"; sourceTree = "<group>"; };
		7C96066A1EE8909100A20BFF /* MainTabBarController.swift */ = {isa = PBXFileReference; fileEncoding = 4; lastKnownFileType = sourcecode.swift; path = MainTabBarController.swift; sourceTree = "<group>"; };
		7C96066C1EE8915D00A20BFF /* UserProfileController.swift */ = {isa = PBXFileReference; fileEncoding = 4; lastKnownFileType = sourcecode.swift; path = UserProfileController.swift; sourceTree = "<group>"; };
		B53A6986958CE0B647C83BB8 /* Pods_InstagramLike.framework */ = {isa = PBXFileReference; explicitFileType = wrapper.framework; includeInIndex = 0; path = Pods_InstagramLike.framework; sourceTree = BUILT_PRODUCTS_DIR; };
		BC7BEE9663CC63A19DDA122E /* Pods-InstagramLike.release.xcconfig */ = {isa = PBXFileReference; includeInIndex = 1; lastKnownFileType = text.xcconfig; name = "Pods-InstagramLike.release.xcconfig"; path = "Pods/Target Support Files/Pods-InstagramLike/Pods-InstagramLike.release.xcconfig"; sourceTree = "<group>"; };
/* End PBXFileReference section */

/* Begin PBXFrameworksBuildPhase section */
		7C4AB6CB1EE6321B001C8834 /* Frameworks */ = {
			isa = PBXFrameworksBuildPhase;
			buildActionMask = 2147483647;
			files = (
				7C4AB6E41EE633E8001C8834 /* SnapKit.framework in Frameworks */,
				33D162E2D43FA7A6923D5CD6 /* Pods_InstagramLike.framework in Frameworks */,
			);
			runOnlyForDeploymentPostprocessing = 0;
		};
/* End PBXFrameworksBuildPhase section */

/* Begin PBXGroup section */
		3B1FABBC5B329F2ACE96A7C0 /* Frameworks */ = {
			isa = PBXGroup;
			children = (
				7C4AB6E31EE633E8001C8834 /* SnapKit.framework */,
				B53A6986958CE0B647C83BB8 /* Pods_InstagramLike.framework */,
			);
			name = Frameworks;
			sourceTree = "<group>";
		};
		59CAB911AA3D29DB86313BC5 /* Pods */ = {
			isa = PBXGroup;
			children = (
				646F12389BF88E114A904E3E /* Pods-InstagramLike.debug.xcconfig */,
				BC7BEE9663CC63A19DDA122E /* Pods-InstagramLike.release.xcconfig */,
			);
			name = Pods;
			sourceTree = "<group>";
		};
		7C25346F1EE63FDE0082BD2D /* Helpers */ = {
			isa = PBXGroup;
			children = (
				7C25346D1EE63FC90082BD2D /* Helpers.swift */,
			);
			name = Helpers;
			sourceTree = "<group>";
		};
		7C4AB6C51EE6321B001C8834 = {
			isa = PBXGroup;
			children = (
				7C4AB6D01EE6321B001C8834 /* InstagramLike */,
				7C4AB6CF1EE6321B001C8834 /* Products */,
				59CAB911AA3D29DB86313BC5 /* Pods */,
				3B1FABBC5B329F2ACE96A7C0 /* Frameworks */,
			);
			sourceTree = "<group>";
		};
		7C4AB6CF1EE6321B001C8834 /* Products */ = {
			isa = PBXGroup;
			children = (
				7C4AB6CE1EE6321B001C8834 /* InstagramLike.app */,
			);
			name = Products;
			sourceTree = "<group>";
		};
		7C4AB6D01EE6321B001C8834 /* InstagramLike */ = {
			isa = PBXGroup;
			children = (
				7C25346F1EE63FDE0082BD2D /* Helpers */,
				7C4AB6D11EE6321B001C8834 /* AppDelegate.swift */,
				7C96066A1EE8909100A20BFF /* MainTabBarController.swift */,
				7C96066C1EE8915D00A20BFF /* UserProfileController.swift */,
				7C4AB6D31EE6321B001C8834 /* ViewController.swift */,
				7C4AB6D51EE6321B001C8834 /* Main.storyboard */,
				7C4AB6D81EE6321B001C8834 /* Assets.xcassets */,
				7C4AB6DA1EE6321B001C8834 /* LaunchScreen.storyboard */,
				7C25346B1EE63E780082BD2D /* GoogleService-Info.plist */,
				7C4AB6DD1EE6321B001C8834 /* Info.plist */,
			);
			path = InstagramLike;
			sourceTree = "<group>";
		};
/* End PBXGroup section */

/* Begin PBXNativeTarget section */
		7C4AB6CD1EE6321B001C8834 /* InstagramLike */ = {
			isa = PBXNativeTarget;
			buildConfigurationList = 7C4AB6E01EE6321B001C8834 /* Build configuration list for PBXNativeTarget "InstagramLike" */;
			buildPhases = (
				424623E2A3F11814035FCE52 /* [CP] Check Pods Manifest.lock */,
				7C4AB6CA1EE6321B001C8834 /* Sources */,
				7C4AB6CB1EE6321B001C8834 /* Frameworks */,
				7C4AB6CC1EE6321B001C8834 /* Resources */,
				27049CA460230D206B516B9F /* [CP] Embed Pods Frameworks */,
				988F60198A595300788EA997 /* [CP] Copy Pods Resources */,
			);
			buildRules = (
			);
			dependencies = (
			);
			name = InstagramLike;
			productName = InstagramLike;
			productReference = 7C4AB6CE1EE6321B001C8834 /* InstagramLike.app */;
			productType = "com.apple.product-type.application";
		};
/* End PBXNativeTarget section */

/* Begin PBXProject section */
		7C4AB6C61EE6321B001C8834 /* Project object */ = {
			isa = PBXProject;
			attributes = {
				LastSwiftUpdateCheck = 0830;
				LastUpgradeCheck = 0830;
				ORGANIZATIONNAME = "Gonzalo Reyes Huertas";
				TargetAttributes = {
					7C4AB6CD1EE6321B001C8834 = {
						CreatedOnToolsVersion = 8.3.2;
						DevelopmentTeam = 4D3BQQ6A8Z;
						ProvisioningStyle = Automatic;
					};
				};
			};
			buildConfigurationList = 7C4AB6C91EE6321B001C8834 /* Build configuration list for PBXProject "InstagramLike" */;
			compatibilityVersion = "Xcode 3.2";
			developmentRegion = English;
			hasScannedForEncodings = 0;
			knownRegions = (
				en,
				Base,
			);
			mainGroup = 7C4AB6C51EE6321B001C8834;
			productRefGroup = 7C4AB6CF1EE6321B001C8834 /* Products */;
			projectDirPath = "";
			projectRoot = "";
			targets = (
				7C4AB6CD1EE6321B001C8834 /* InstagramLike */,
			);
		};
/* End PBXProject section */

/* Begin PBXResourcesBuildPhase section */
		7C4AB6CC1EE6321B001C8834 /* Resources */ = {
			isa = PBXResourcesBuildPhase;
			buildActionMask = 2147483647;
			files = (
				7C4AB6DC1EE6321B001C8834 /* LaunchScreen.storyboard in Resources */,
				7C25346C1EE63E780082BD2D /* GoogleService-Info.plist in Resources */,
				7C4AB6D91EE6321B001C8834 /* Assets.xcassets in Resources */,
				7C4AB6D71EE6321B001C8834 /* Main.storyboard in Resources */,
			);
			runOnlyForDeploymentPostprocessing = 0;
		};
/* End PBXResourcesBuildPhase section */

/* Begin PBXShellScriptBuildPhase section */
		27049CA460230D206B516B9F /* [CP] Embed Pods Frameworks */ = {
			isa = PBXShellScriptBuildPhase;
			buildActionMask = 2147483647;
			files = (
			);
			inputPaths = (
			);
			name = "[CP] Embed Pods Frameworks";
			outputPaths = (
			);
			runOnlyForDeploymentPostprocessing = 0;
			shellPath = /bin/sh;
			shellScript = "\"${SRCROOT}/Pods/Target Support Files/Pods-InstagramLike/Pods-InstagramLike-frameworks.sh\"\n";
			showEnvVarsInLog = 0;
		};
		424623E2A3F11814035FCE52 /* [CP] Check Pods Manifest.lock */ = {
			isa = PBXShellScriptBuildPhase;
			buildActionMask = 2147483647;
			files = (
			);
			inputPaths = (
			);
			name = "[CP] Check Pods Manifest.lock";
			outputPaths = (
			);
			runOnlyForDeploymentPostprocessing = 0;
			shellPath = /bin/sh;
			shellScript = "diff \"${PODS_PODFILE_DIR_PATH}/Podfile.lock\" \"${PODS_ROOT}/Manifest.lock\" > /dev/null\nif [ $? != 0 ] ; then\n    # print error to STDERR\n    echo \"error: The sandbox is not in sync with the Podfile.lock. Run 'pod install' or update your CocoaPods installation.\" >&2\n    exit 1\nfi\n";
			showEnvVarsInLog = 0;
		};
		988F60198A595300788EA997 /* [CP] Copy Pods Resources */ = {
			isa = PBXShellScriptBuildPhase;
			buildActionMask = 2147483647;
			files = (
			);
			inputPaths = (
			);
			name = "[CP] Copy Pods Resources";
			outputPaths = (
			);
			runOnlyForDeploymentPostprocessing = 0;
			shellPath = /bin/sh;
			shellScript = "\"${SRCROOT}/Pods/Target Support Files/Pods-InstagramLike/Pods-InstagramLike-resources.sh\"\n";
			showEnvVarsInLog = 0;
		};
/* End PBXShellScriptBuildPhase section */

/* Begin PBXSourcesBuildPhase section */
		7C4AB6CA1EE6321B001C8834 /* Sources */ = {
			isa = PBXSourcesBuildPhase;
			buildActionMask = 2147483647;
			files = (
				7C4AB6D41EE6321B001C8834 /* ViewController.swift in Sources */,
				7C25346E1EE63FC90082BD2D /* Helpers.swift in Sources */,
				7C96066B1EE8909100A20BFF /* MainTabBarController.swift in Sources */,
				7C96066D1EE8915D00A20BFF /* UserProfileController.swift in Sources */,
				7C4AB6D21EE6321B001C8834 /* AppDelegate.swift in Sources */,
			);
			runOnlyForDeploymentPostprocessing = 0;
		};
/* End PBXSourcesBuildPhase section */

/* Begin PBXVariantGroup section */
		7C4AB6D51EE6321B001C8834 /* Main.storyboard */ = {
			isa = PBXVariantGroup;
			children = (
				7C4AB6D61EE6321B001C8834 /* Base */,
			);
			name = Main.storyboard;
			sourceTree = "<group>";
		};
		7C4AB6DA1EE6321B001C8834 /* LaunchScreen.storyboard */ = {
			isa = PBXVariantGroup;
			children = (
				7C4AB6DB1EE6321B001C8834 /* Base */,
			);
			name = LaunchScreen.storyboard;
			sourceTree = "<group>";
		};
/* End PBXVariantGroup section */

/* Begin XCBuildConfiguration section */
		7C4AB6DE1EE6321B001C8834 /* Debug */ = {
			isa = XCBuildConfiguration;
			buildSettings = {
				ALWAYS_SEARCH_USER_PATHS = NO;
				CLANG_ANALYZER_NONNULL = YES;
				CLANG_ANALYZER_NUMBER_OBJECT_CONVERSION = YES_AGGRESSIVE;
				CLANG_CXX_LANGUAGE_STANDARD = "gnu++0x";
				CLANG_CXX_LIBRARY = "libc++";
				CLANG_ENABLE_MODULES = YES;
				CLANG_ENABLE_OBJC_ARC = YES;
				CLANG_WARN_BOOL_CONVERSION = YES;
				CLANG_WARN_CONSTANT_CONVERSION = YES;
				CLANG_WARN_DIRECT_OBJC_ISA_USAGE = YES_ERROR;
				CLANG_WARN_DOCUMENTATION_COMMENTS = YES;
				CLANG_WARN_EMPTY_BODY = YES;
				CLANG_WARN_ENUM_CONVERSION = YES;
				CLANG_WARN_INFINITE_RECURSION = YES;
				CLANG_WARN_INT_CONVERSION = YES;
				CLANG_WARN_OBJC_ROOT_CLASS = YES_ERROR;
				CLANG_WARN_SUSPICIOUS_MOVE = YES;
				CLANG_WARN_UNREACHABLE_CODE = YES;
				CLANG_WARN__DUPLICATE_METHOD_MATCH = YES;
				"CODE_SIGN_IDENTITY[sdk=iphoneos*]" = "iPhone Developer";
				COPY_PHASE_STRIP = NO;
				DEBUG_INFORMATION_FORMAT = dwarf;
				ENABLE_STRICT_OBJC_MSGSEND = YES;
				ENABLE_TESTABILITY = YES;
				GCC_C_LANGUAGE_STANDARD = gnu99;
				GCC_DYNAMIC_NO_PIC = NO;
				GCC_NO_COMMON_BLOCKS = YES;
				GCC_OPTIMIZATION_LEVEL = 0;
				GCC_PREPROCESSOR_DEFINITIONS = (
					"DEBUG=1",
					"$(inherited)",
				);
				GCC_WARN_64_TO_32_BIT_CONVERSION = YES;
				GCC_WARN_ABOUT_RETURN_TYPE = YES_ERROR;
				GCC_WARN_UNDECLARED_SELECTOR = YES;
				GCC_WARN_UNINITIALIZED_AUTOS = YES_AGGRESSIVE;
				GCC_WARN_UNUSED_FUNCTION = YES;
				GCC_WARN_UNUSED_VARIABLE = YES;
				IPHONEOS_DEPLOYMENT_TARGET = 10.3;
				MTL_ENABLE_DEBUG_INFO = YES;
				ONLY_ACTIVE_ARCH = YES;
				SDKROOT = iphoneos;
				SWIFT_ACTIVE_COMPILATION_CONDITIONS = DEBUG;
				SWIFT_OPTIMIZATION_LEVEL = "-Onone";
				TARGETED_DEVICE_FAMILY = "1,2";
			};
			name = Debug;
		};
		7C4AB6DF1EE6321B001C8834 /* Release */ = {
			isa = XCBuildConfiguration;
			buildSettings = {
				ALWAYS_SEARCH_USER_PATHS = NO;
				CLANG_ANALYZER_NONNULL = YES;
				CLANG_ANALYZER_NUMBER_OBJECT_CONVERSION = YES_AGGRESSIVE;
				CLANG_CXX_LANGUAGE_STANDARD = "gnu++0x";
				CLANG_CXX_LIBRARY = "libc++";
				CLANG_ENABLE_MODULES = YES;
				CLANG_ENABLE_OBJC_ARC = YES;
				CLANG_WARN_BOOL_CONVERSION = YES;
				CLANG_WARN_CONSTANT_CONVERSION = YES;
				CLANG_WARN_DIRECT_OBJC_ISA_USAGE = YES_ERROR;
				CLANG_WARN_DOCUMENTATION_COMMENTS = YES;
				CLANG_WARN_EMPTY_BODY = YES;
				CLANG_WARN_ENUM_CONVERSION = YES;
				CLANG_WARN_INFINITE_RECURSION = YES;
				CLANG_WARN_INT_CONVERSION = YES;
				CLANG_WARN_OBJC_ROOT_CLASS = YES_ERROR;
				CLANG_WARN_SUSPICIOUS_MOVE = YES;
				CLANG_WARN_UNREACHABLE_CODE = YES;
				CLANG_WARN__DUPLICATE_METHOD_MATCH = YES;
				"CODE_SIGN_IDENTITY[sdk=iphoneos*]" = "iPhone Developer";
				COPY_PHASE_STRIP = NO;
				DEBUG_INFORMATION_FORMAT = "dwarf-with-dsym";
				ENABLE_NS_ASSERTIONS = NO;
				ENABLE_STRICT_OBJC_MSGSEND = YES;
				GCC_C_LANGUAGE_STANDARD = gnu99;
				GCC_NO_COMMON_BLOCKS = YES;
				GCC_WARN_64_TO_32_BIT_CONVERSION = YES;
				GCC_WARN_ABOUT_RETURN_TYPE = YES_ERROR;
				GCC_WARN_UNDECLARED_SELECTOR = YES;
				GCC_WARN_UNINITIALIZED_AUTOS = YES_AGGRESSIVE;
				GCC_WARN_UNUSED_FUNCTION = YES;
				GCC_WARN_UNUSED_VARIABLE = YES;
				IPHONEOS_DEPLOYMENT_TARGET = 10.3;
				MTL_ENABLE_DEBUG_INFO = NO;
				SDKROOT = iphoneos;
				SWIFT_OPTIMIZATION_LEVEL = "-Owholemodule";
				TARGETED_DEVICE_FAMILY = "1,2";
				VALIDATE_PRODUCT = YES;
			};
			name = Release;
		};
		7C4AB6E11EE6321B001C8834 /* Debug */ = {
			isa = XCBuildConfiguration;
			baseConfigurationReference = 646F12389BF88E114A904E3E /* Pods-InstagramLike.debug.xcconfig */;
			buildSettings = {
				ASSETCATALOG_COMPILER_APPICON_NAME = AppIcon;
				DEVELOPMENT_TEAM = 4D3BQQ6A8Z;
				FRAMEWORK_SEARCH_PATHS = (
					"$(inherited)",
					"$(PROJECT_DIR)/build/Release-iphoneos/SnapKit",
				);
				INFOPLIST_FILE = InstagramLike/Info.plist;
				LD_RUNPATH_SEARCH_PATHS = "$(inherited) @executable_path/Frameworks";
				PRODUCT_BUNDLE_IDENTIFIER = pe.edu.ulima.InstagramLike;
				PRODUCT_NAME = "$(TARGET_NAME)";
				SWIFT_VERSION = 3.0;
			};
			name = Debug;
		};
		7C4AB6E21EE6321B001C8834 /* Release */ = {
			isa = XCBuildConfiguration;
			baseConfigurationReference = BC7BEE9663CC63A19DDA122E /* Pods-InstagramLike.release.xcconfig */;
			buildSettings = {
				ASSETCATALOG_COMPILER_APPICON_NAME = AppIcon;
				DEVELOPMENT_TEAM = 4D3BQQ6A8Z;
				FRAMEWORK_SEARCH_PATHS = (
					"$(inherited)",
					"$(PROJECT_DIR)/build/Release-iphoneos/SnapKit",
				);
				INFOPLIST_FILE = InstagramLike/Info.plist;
				LD_RUNPATH_SEARCH_PATHS = "$(inherited) @executable_path/Frameworks";
				PRODUCT_BUNDLE_IDENTIFIER = pe.edu.ulima.InstagramLike;
				PRODUCT_NAME = "$(TARGET_NAME)";
				SWIFT_VERSION = 3.0;
			};
			name = Release;
		};
/* End XCBuildConfiguration section */

/* Begin XCConfigurationList section */
		7C4AB6C91EE6321B001C8834 /* Build configuration list for PBXProject "InstagramLike" */ = {
			isa = XCConfigurationList;
			buildConfigurations = (
				7C4AB6DE1EE6321B001C8834 /* Debug */,
				7C4AB6DF1EE6321B001C8834 /* Release */,
			);
			defaultConfigurationIsVisible = 0;
			defaultConfigurationName = Release;
		};
		7C4AB6E01EE6321B001C8834 /* Build configuration list for PBXNativeTarget "InstagramLike" */ = {
			isa = XCConfigurationList;
			buildConfigurations = (
				7C4AB6E11EE6321B001C8834 /* Debug */,
				7C4AB6E21EE6321B001C8834 /* Release */,
			);
			defaultConfigurationIsVisible = 0;
			defaultConfigurationName = Release;
		};
/* End XCConfigurationList section */
	};
	rootObject = 7C4AB6C61EE6321B001C8834 /* Project object */;
}
